
Microsoft Visual Studio Solution File, Format Version 12.00
# Visual Studio 15
VisualStudioVersion = 15.0.27703.2047
MinimumVisualStudioVersion = 10.0.40219.1
Project("{FAE04EC0-301F-11D3-BF4B-00C04F79EFBC}") = "EssentialTools", "EssentialTools\EssentialTools.csproj", "{E1E9E33D-74ED-4334-8AE2-D868AE5450A7}"
EndProject
Project("{FAE04EC0-301F-11D3-BF4B-00C04F79EFBC}") = "EssentialTools.Tests", "EssentialTools.Tests\EssentialTools.Tests.csproj", "{883A3D07-6B8A-4F08-B90B-1C7F7AA249AF}"
EndProject
Global
	GlobalSection(SolutionConfigurationPlatforms) = preSolution
		Debug|Any CPU = Debug|Any CPU
		Release|Any CPU = Release|Any CPU
	EndGlobalSection
	GlobalSection(ProjectConfigurationPlatforms) = postSolution
		{E1E9E33D-74ED-4334-8AE2-D868AE5450A7}.Debug|Any CPU.ActiveCfg = Debug|Any CPU
		{E1E9E33D-74ED-4334-8AE2-D868AE5450A7}.Debug|Any CPU.Build.0 = Debug|Any CPU
		{E1E9E33D-74ED-4334-8AE2-D868AE5450A7}.Release|Any CPU.ActiveCfg = Release|Any CPU
		{E1E9E33D-74ED-4334-8AE2-D868AE5450A7}.Release|Any CPU.Build.0 = Release|Any CPU
		{883A3D07-6B8A-4F08-B90B-1C7F7AA249AF}.Debug|Any CPU.ActiveCfg = Debug|Any CPU
		{883A3D07-6B8A-4F08-B90B-1C7F7AA249AF}.Debug|Any CPU.Build.0 = Debug|Any CPU
		{883A3D07-6B8A-4F08-B90B-1C7F7AA249AF}.Release|Any CPU.ActiveCfg = Release|Any CPU
		{883A3D07-6B8A-4F08-B90B-1C7F7AA249AF}.Release|Any CPU.Build.0 = Release|Any CPU
	EndGlobalSection
	GlobalSection(SolutionProperties) = preSolution
		HideSolutionNode = FALSE
	EndGlobalSection
	GlobalSection(ExtensibilityGlobals) = postSolution
		SolutionGuid = {61E31FC4-78D7-49D7-AF41-B71E78D55EA7}
	EndGlobalSection
EndGlobal
